
Microsoft Visual Studio Solution File, Format Version 12.00
# Visual Studio Version 17
VisualStudioVersion = 17.12.35707.178
MinimumVisualStudioVersion = 10.0.40219.1
Project("{FAE04EC0-301F-11D3-BF4B-00C04F79EFBC}") = "basic_1Week", "basic_0127\basic_1Week.csproj", "{D27FF42F-82AB-4DE4-8B0A-4A1E8E21A306}"
EndProject
Global
	GlobalSection(SolutionConfigurationPlatforms) = preSolution
		Debug|Any CPU = Debug|Any CPU
		Release|Any CPU = Release|Any CPU
	EndGlobalSection
	GlobalSection(ProjectConfigurationPlatforms) = postSolution
		{D27FF42F-82AB-4DE4-8B0A-4A1E8E21A306}.Debug|Any CPU.ActiveCfg = Debug|Any CPU
		{D27FF42F-82AB-4DE4-8B0A-4A1E8E21A306}.Debug|Any CPU.Build.0 = Debug|Any CPU
		{D27FF42F-82AB-4DE4-8B0A-4A1E8E21A306}.Release|Any CPU.ActiveCfg = Release|Any CPU
		{D27FF42F-82AB-4DE4-8B0A-4A1E8E21A306}.Release|Any CPU.Build.0 = Release|Any CPU
	EndGlobalSection
	GlobalSection(SolutionProperties) = preSolution
		HideSolutionNode = FALSE
	EndGlobalSection
EndGlobal
